PODS:
  - Alamofire (4.3.0)
  - LBTAComponents (0.1.9)
  - SwiftyJSON (3.1.4)
  - TRON (2.0.1):
    - Alamofire (~> 4.1)
    - TRON/SwiftyJSON (= 2.0.1)
  - TRON/Core (2.0.1):
    - Alamofire (~> 4.1)
  - TRON/SwiftyJSON (2.0.1):
    - Alamofire (~> 4.1)
    - SwiftyJSON (~> 3.1)
    - TRON/Core

DEPENDENCIES:
  - LBTAComponents (from `https://github.com/SwiftTsubame/LBTAComponents.git`, branch `DatasourceCollectionView`)
  - TRON

EXTERNAL SOURCES:
  LBTAComponents:
    :branch: DatasourceCollectionView
    :git: https://github.com/SwiftTsubame/LBTAComponents.git

CHECKOUT OPTIONS:
  LBTAComponents:
    :commit: edc8d0a505000dbbc7914120403fa89305087001
    :git: https://github.com/SwiftTsubame/LBTAComponents.git

SPEC CHECKSUMS:
  Alamofire: 856a113053a7bc9cbe5d6367a555d773fc5cfef7
  LBTAComponents: ba294d8c2190b14ad8318c56d956c251638a5840
  SwiftyJSON: c2842d878f95482ffceec5709abc3d05680c0220
  TRON: 7b9adeb678fe0e25433d207f6a734aaf145fa9b5

PODFILE CHECKSUM: 79c75d2a6aa75662c50483e44e17b2f1092bb9c9

COCOAPODS: 1.2.1
